// !$*UTF8*$!
{
	archiveVersion = 1;
	classes = {
	};
	objectVersion = 51;
	objects = {

/* Begin PBXBuildFile section */
		35AA66E4D7A9219766A3DB7B /* Pods_avon.framework in Frameworks */ = {isa = PBXBuildFile; fileRef = E5B5E9F73C4381D0252D1650 /* Pods_avon.framework */; };
		4C3931F12389B5D700C98EED /* SettingsController.swift in Sources */ = {isa = PBXBuildFile; fileRef = 4C3931F02389B5D700C98EED /* SettingsController.swift */; };
		4C3931F32389B61E00C98EED /* PopUpController.swift in Sources */ = {isa = PBXBuildFile; fileRef = 4C3931F22389B61E00C98EED /* PopUpController.swift */; };
		4C91A7D62389A9A5003B3747 /* AppDelegate.swift in Sources */ = {isa = PBXBuildFile; fileRef = 4C91A7D52389A9A5003B3747 /* AppDelegate.swift */; };
		4C91A7D82389A9A5003B3747 /* SceneDelegate.swift in Sources */ = {isa = PBXBuildFile; fileRef = 4C91A7D72389A9A5003B3747 /* SceneDelegate.swift */; };
		4C91A7DA2389A9A5003B3747 /* HomeController.swift in Sources */ = {isa = PBXBuildFile; fileRef = 4C91A7D92389A9A5003B3747 /* HomeController.swift */; };
		4C91A7DD2389A9A5003B3747 /* Main.storyboard in Resources */ = {isa = PBXBuildFile; fileRef = 4C91A7DB2389A9A5003B3747 /* Main.storyboard */; };
		4C91A7DF2389A9A7003B3747 /* Assets.xcassets in Resources */ = {isa = PBXBuildFile; fileRef = 4C91A7DE2389A9A7003B3747 /* Assets.xcassets */; };
		4C91A7E22389A9A7003B3747 /* LaunchScreen.storyboard in Resources */ = {isa = PBXBuildFile; fileRef = 4C91A7E02389A9A7003B3747 /* LaunchScreen.storyboard */; };
		4C91A7EB2389A9E6003B3747 /* Lerp.swift in Sources */ = {isa = PBXBuildFile; fileRef = 4C91A7EA2389A9E6003B3747 /* Lerp.swift */; };
		4C91A7ED2389A9F0003B3747 /* Timeout.swift in Sources */ = {isa = PBXBuildFile; fileRef = 4C91A7EC2389A9F0003B3747 /* Timeout.swift */; };
		4C91A7F02389AA5F003B3747 /* SiriWaveLine.swift in Sources */ = {isa = PBXBuildFile; fileRef = 4C91A7EF2389AA5F003B3747 /* SiriWaveLine.swift */; };
		4C91A7F22389AA7D003B3747 /* SiriWaveView.swift in Sources */ = {isa = PBXBuildFile; fileRef = 4C91A7F12389AA7D003B3747 /* SiriWaveView.swift */; };
		4CBC4293238A332400ECE33B /* Command.swift in Sources */ = {isa = PBXBuildFile; fileRef = 4CBC4292238A332400ECE33B /* Command.swift */; };
		4CD2FC2E238AD0980025364E /* Extension.swift in Sources */ = {isa = PBXBuildFile; fileRef = 4CD2FC2D238AD0980025364E /* Extension.swift */; };
		530AB76F238A12D600B9F0E2 /* ConfirmationSound.mp3 in Resources */ = {isa = PBXBuildFile; fileRef = 530AB76E238A12D600B9F0E2 /* ConfirmationSound.mp3 */; };
/* End PBXBuildFile section */

/* Begin PBXFileReference section */
		4C3931F02389B5D700C98EED /* SettingsController.swift */ = {isa = PBXFileReference; lastKnownFileType = sourcecode.swift; path = SettingsController.swift; sourceTree = "<group>"; };
		4C3931F22389B61E00C98EED /* PopUpController.swift */ = {isa = PBXFileReference; lastKnownFileType = sourcecode.swift; path = PopUpController.swift; sourceTree = "<group>"; };
		4C91A7D22389A9A5003B3747 /* avon.app */ = {isa = PBXFileReference; explicitFileType = wrapper.application; includeInIndex = 0; path = avon.app; sourceTree = BUILT_PRODUCTS_DIR; };
		4C91A7D52389A9A5003B3747 /* AppDelegate.swift */ = {isa = PBXFileReference; lastKnownFileType = sourcecode.swift; path = AppDelegate.swift; sourceTree = "<group>"; };
		4C91A7D72389A9A5003B3747 /* SceneDelegate.swift */ = {isa = PBXFileReference; lastKnownFileType = sourcecode.swift; path = SceneDelegate.swift; sourceTree = "<group>"; };
		4C91A7D92389A9A5003B3747 /* HomeController.swift */ = {isa = PBXFileReference; lastKnownFileType = sourcecode.swift; path = HomeController.swift; sourceTree = "<group>"; };
		4C91A7DC2389A9A5003B3747 /* Base */ = {isa = PBXFileReference; lastKnownFileType = file.storyboard; name = Base; path = Base.lproj/Main.storyboard; sourceTree = "<group>"; };
		4C91A7DE2389A9A7003B3747 /* Assets.xcassets */ = {isa = PBXFileReference; lastKnownFileType = folder.assetcatalog; path = Assets.xcassets; sourceTree = "<group>"; };
		4C91A7E12389A9A7003B3747 /* Base */ = {isa = PBXFileReference; lastKnownFileType = file.storyboard; name = Base; path = Base.lproj/LaunchScreen.storyboard; sourceTree = "<group>"; };
		4C91A7E32389A9A7003B3747 /* Info.plist */ = {isa = PBXFileReference; lastKnownFileType = text.plist.xml; path = Info.plist; sourceTree = "<group>"; };
		4C91A7EA2389A9E6003B3747 /* Lerp.swift */ = {isa = PBXFileReference; lastKnownFileType = sourcecode.swift; path = Lerp.swift; sourceTree = "<group>"; };
		4C91A7EC2389A9F0003B3747 /* Timeout.swift */ = {isa = PBXFileReference; lastKnownFileType = sourcecode.swift; path = Timeout.swift; sourceTree = "<group>"; };
		4C91A7EF2389AA5F003B3747 /* SiriWaveLine.swift */ = {isa = PBXFileReference; lastKnownFileType = sourcecode.swift; path = SiriWaveLine.swift; sourceTree = "<group>"; };
		4C91A7F12389AA7D003B3747 /* SiriWaveView.swift */ = {isa = PBXFileReference; lastKnownFileType = sourcecode.swift; path = SiriWaveView.swift; sourceTree = "<group>"; };
		4CBC4292238A332400ECE33B /* Command.swift */ = {isa = PBXFileReference; lastKnownFileType = sourcecode.swift; path = Command.swift; sourceTree = "<group>"; };
		4CD2FC2D238AD0980025364E /* Extension.swift */ = {isa = PBXFileReference; lastKnownFileType = sourcecode.swift; path = Extension.swift; sourceTree = "<group>"; };
		530AB76E238A12D600B9F0E2 /* ConfirmationSound.mp3 */ = {isa = PBXFileReference; lastKnownFileType = audio.mp3; name = ConfirmationSound.mp3; path = avon/Assets/ConfirmationSound.mp3; sourceTree = SOURCE_ROOT; };
		74387DEF7D12A978765D6432 /* Pods-avon.debug.xcconfig */ = {isa = PBXFileReference; includeInIndex = 1; lastKnownFileType = text.xcconfig; name = "Pods-avon.debug.xcconfig"; path = "Target Support Files/Pods-avon/Pods-avon.debug.xcconfig"; sourceTree = "<group>"; };
		7CEE8C15B8499E375615240F /* Pods-avon.release.xcconfig */ = {isa = PBXFileReference; includeInIndex = 1; lastKnownFileType = text.xcconfig; name = "Pods-avon.release.xcconfig"; path = "Target Support Files/Pods-avon/Pods-avon.release.xcconfig"; sourceTree = "<group>"; };
		E5B5E9F73C4381D0252D1650 /* Pods_avon.framework */ = {isa = PBXFileReference; explicitFileType = wrapper.framework; includeInIndex = 0; path = Pods_avon.framework; sourceTree = BUILT_PRODUCTS_DIR; };
/* End PBXFileReference section */

/* Begin PBXFrameworksBuildPhase section */
		4C91A7CF2389A9A5003B3747 /* Frameworks */ = {
			isa = PBXFrameworksBuildPhase;
			buildActionMask = 2147483647;
			files = (
				35AA66E4D7A9219766A3DB7B /* Pods_avon.framework in Frameworks */,
			);
			runOnlyForDeploymentPostprocessing = 0;
		};
/* End PBXFrameworksBuildPhase section */

/* Begin PBXGroup section */
		4A3FFE2DCE589911F136EF8B /* Pods */ = {
			isa = PBXGroup;
			children = (
				74387DEF7D12A978765D6432 /* Pods-avon.debug.xcconfig */,
				7CEE8C15B8499E375615240F /* Pods-avon.release.xcconfig */,
			);
			path = Pods;
			sourceTree = "<group>";
		};
		4C3931EE2389B5AC00C98EED /* Controller */ = {
			isa = PBXGroup;
			children = (
				4C91A7D92389A9A5003B3747 /* HomeController.swift */,
				4C3931F02389B5D700C98EED /* SettingsController.swift */,
			);
			path = Controller;
			sourceTree = "<group>";
		};
		4C91A7C92389A9A4003B3747 = {
			isa = PBXGroup;
			children = (
				4C91A7D42389A9A5003B3747 /* avon */,
				4C91A7D32389A9A5003B3747 /* Products */,
				4A3FFE2DCE589911F136EF8B /* Pods */,
				EBCBC92E5F99CB0405EA2F5E /* Frameworks */,
			);
			sourceTree = "<group>";
		};
		4C91A7D32389A9A5003B3747 /* Products */ = {
			isa = PBXGroup;
			children = (
				4C91A7D22389A9A5003B3747 /* avon.app */,
			);
			name = Products;
			sourceTree = "<group>";
		};
		4C91A7D42389A9A5003B3747 /* avon */ = {
			isa = PBXGroup;
			children = (
				4CBC4291238A331900ECE33B /* Model */,
				530AB770238A12DF00B9F0E2 /* Assets */,
				4C3931EE2389B5AC00C98EED /* Controller */,
				4C91A7EE2389AA32003B3747 /* View */,
				4C91A7E92389A9DA003B3747 /* Utility */,
				4C91A7D52389A9A5003B3747 /* AppDelegate.swift */,
				4C91A7D72389A9A5003B3747 /* SceneDelegate.swift */,
				4C91A7DB2389A9A5003B3747 /* Main.storyboard */,
				4C91A7DE2389A9A7003B3747 /* Assets.xcassets */,
				4C91A7E02389A9A7003B3747 /* LaunchScreen.storyboard */,
				4C91A7E32389A9A7003B3747 /* Info.plist */,
			);
			path = avon;
			sourceTree = "<group>";
		};
		4C91A7E92389A9DA003B3747 /* Utility */ = {
			isa = PBXGroup;
			children = (
				4C91A7EA2389A9E6003B3747 /* Lerp.swift */,
				4C91A7EC2389A9F0003B3747 /* Timeout.swift */,
			);
			path = Utility;
			sourceTree = "<group>";
		};
		4C91A7EE2389AA32003B3747 /* View */ = {
			isa = PBXGroup;
			children = (
				4C91A7EF2389AA5F003B3747 /* SiriWaveLine.swift */,
				4C91A7F12389AA7D003B3747 /* SiriWaveView.swift */,
				4C3931F22389B61E00C98EED /* PopUpController.swift */,
			);
			path = View;
			sourceTree = "<group>";
		};
		4CBC4291238A331900ECE33B /* Model */ = {
			isa = PBXGroup;
			children = (
				4CBC4292238A332400ECE33B /* Command.swift */,
				4CD2FC2D238AD0980025364E /* Extension.swift */,
			);
			path = Model;
			sourceTree = "<group>";
		};
		530AB770238A12DF00B9F0E2 /* Assets */ = {
			isa = PBXGroup;
			children = (
				530AB76E238A12D600B9F0E2 /* ConfirmationSound.mp3 */,
			);
			path = Assets;
			sourceTree = "<group>";
		};
		EBCBC92E5F99CB0405EA2F5E /* Frameworks */ = {
			isa = PBXGroup;
			children = (
				E5B5E9F73C4381D0252D1650 /* Pods_avon.framework */,
			);
			name = Frameworks;
			sourceTree = "<group>";
		};
/* End PBXGroup section */

/* Begin PBXNativeTarget section */
		4C91A7D12389A9A5003B3747 /* avon */ = {
			isa = PBXNativeTarget;
			buildConfigurationList = 4C91A7E62389A9A7003B3747 /* Build configuration list for PBXNativeTarget "avon" */;
			buildPhases = (
				4E53B25D03D086A1E56AF4B2 /* [CP] Check Pods Manifest.lock */,
				4C91A7CE2389A9A5003B3747 /* Sources */,
				4C91A7CF2389A9A5003B3747 /* Frameworks */,
				4C91A7D02389A9A5003B3747 /* Resources */,
				D4A2F99944132836FF406F2E /* [CP] Embed Pods Frameworks */,
			);
			buildRules = (
			);
			dependencies = (
			);
			name = avon;
			productName = avon;
			productReference = 4C91A7D22389A9A5003B3747 /* avon.app */;
			productType = "com.apple.product-type.application";
		};
/* End PBXNativeTarget section */

/* Begin PBXProject section */
		4C91A7CA2389A9A4003B3747 /* Project object */ = {
			isa = PBXProject;
			attributes = {
				LastSwiftUpdateCheck = 1120;
				LastUpgradeCheck = 1120;
				ORGANIZATIONNAME = "Mackenzie Boudreau";
				TargetAttributes = {
					4C91A7D12389A9A5003B3747 = {
						CreatedOnToolsVersion = 11.2.1;
					};
				};
			};
			buildConfigurationList = 4C91A7CD2389A9A4003B3747 /* Build configuration list for PBXProject "avon" */;
			compatibilityVersion = "Xcode 9.3";
			developmentRegion = en;
			hasScannedForEncodings = 0;
			knownRegions = (
				en,
				Base,
			);
			mainGroup = 4C91A7C92389A9A4003B3747;
			productRefGroup = 4C91A7D32389A9A5003B3747 /* Products */;
			projectDirPath = "";
			projectRoot = "";
			targets = (
				4C91A7D12389A9A5003B3747 /* avon */,
			);
		};
/* End PBXProject section */

/* Begin PBXResourcesBuildPhase section */
		4C91A7D02389A9A5003B3747 /* Resources */ = {
			isa = PBXResourcesBuildPhase;
			buildActionMask = 2147483647;
			files = (
				4C91A7E22389A9A7003B3747 /* LaunchScreen.storyboard in Resources */,
				530AB76F238A12D600B9F0E2 /* ConfirmationSound.mp3 in Resources */,
				4C91A7DF2389A9A7003B3747 /* Assets.xcassets in Resources */,
				4C91A7DD2389A9A5003B3747 /* Main.storyboard in Resources */,
			);
			runOnlyForDeploymentPostprocessing = 0;
		};
/* End PBXResourcesBuildPhase section */

/* Begin PBXShellScriptBuildPhase section */
		4E53B25D03D086A1E56AF4B2 /* [CP] Check Pods Manifest.lock */ = {
			isa = PBXShellScriptBuildPhase;
			buildActionMask = 2147483647;
			files = (
			);
			inputFileListPaths = (
			);
			inputPaths = (
				"${PODS_PODFILE_DIR_PATH}/Podfile.lock",
				"${PODS_ROOT}/Manifest.lock",
			);
			name = "[CP] Check Pods Manifest.lock";
			outputFileListPaths = (
			);
			outputPaths = (
				"$(DERIVED_FILE_DIR)/Pods-avon-checkManifestLockResult.txt",
			);
			runOnlyForDeploymentPostprocessing = 0;
			shellPath = /bin/sh;
			shellScript = "diff \"${PODS_PODFILE_DIR_PATH}/Podfile.lock\" \"${PODS_ROOT}/Manifest.lock\" > /dev/null\nif [ $? != 0 ] ; then\n    # print error to STDERR\n    echo \"error: The sandbox is not in sync with the Podfile.lock. Run 'pod install' or update your CocoaPods installation.\" >&2\n    exit 1\nfi\n# This output is used by Xcode 'outputs' to avoid re-running this script phase.\necho \"SUCCESS\" > \"${SCRIPT_OUTPUT_FILE_0}\"\n";
			showEnvVarsInLog = 0;
		};
		D4A2F99944132836FF406F2E /* [CP] Embed Pods Frameworks */ = {
			isa = PBXShellScriptBuildPhase;
			buildActionMask = 2147483647;
			files = (
			);
			inputFileListPaths = (
				"${PODS_ROOT}/Target Support Files/Pods-avon/Pods-avon-frameworks-${CONFIGURATION}-input-files.xcfilelist",
			);
			name = "[CP] Embed Pods Frameworks";
			outputFileListPaths = (
				"${PODS_ROOT}/Target Support Files/Pods-avon/Pods-avon-frameworks-${CONFIGURATION}-output-files.xcfilelist",
			);
			runOnlyForDeploymentPostprocessing = 0;
			shellPath = /bin/sh;
			shellScript = "\"${PODS_ROOT}/Target Support Files/Pods-avon/Pods-avon-frameworks.sh\"\n";
			showEnvVarsInLog = 0;
		};
/* End PBXShellScriptBuildPhase section */

/* Begin PBXSourcesBuildPhase section */
		4C91A7CE2389A9A5003B3747 /* Sources */ = {
			isa = PBXSourcesBuildPhase;
			buildActionMask = 2147483647;
			files = (
				4C3931F12389B5D700C98EED /* SettingsController.swift in Sources */,
				4C3931F32389B61E00C98EED /* PopUpController.swift in Sources */,
				4C91A7EB2389A9E6003B3747 /* Lerp.swift in Sources */,
				4CBC4293238A332400ECE33B /* Command.swift in Sources */,
				4CD2FC2E238AD0980025364E /* Extension.swift in Sources */,
				4C91A7F22389AA7D003B3747 /* SiriWaveView.swift in Sources */,
				4C91A7DA2389A9A5003B3747 /* HomeController.swift in Sources */,
				4C91A7ED2389A9F0003B3747 /* Timeout.swift in Sources */,
				4C91A7D62389A9A5003B3747 /* AppDelegate.swift in Sources */,
				4C91A7D82389A9A5003B3747 /* SceneDelegate.swift in Sources */,
				4C91A7F02389AA5F003B3747 /* SiriWaveLine.swift in Sources */,
			);
			runOnlyForDeploymentPostprocessing = 0;
		};
/* End PBXSourcesBuildPhase section */

/* Begin PBXVariantGroup section */
		4C91A7DB2389A9A5003B3747 /* Main.storyboard */ = {
			isa = PBXVariantGroup;
			children = (
				4C91A7DC2389A9A5003B3747 /* Base */,
			);
			name = Main.storyboard;
			sourceTree = "<group>";
		};
		4C91A7E02389A9A7003B3747 /* LaunchScreen.storyboard */ = {
			isa = PBXVariantGroup;
			children = (
				4C91A7E12389A9A7003B3747 /* Base */,
			);
			name = LaunchScreen.storyboard;
			sourceTree = "<group>";
		};
/* End PBXVariantGroup section */

/* Begin XCBuildConfiguration section */
		4C91A7E42389A9A7003B3747 /* Debug */ = {
			isa = XCBuildConfiguration;
			buildSettings = {
				ALWAYS_SEARCH_USER_PATHS = NO;
				CLANG_ANALYZER_NONNULL = YES;
				CLANG_ANALYZER_NUMBER_OBJECT_CONVERSION = YES_AGGRESSIVE;
				CLANG_CXX_LANGUAGE_STANDARD = "gnu++14";
				CLANG_CXX_LIBRARY = "libc++";
				CLANG_ENABLE_MODULES = YES;
				CLANG_ENABLE_OBJC_ARC = YES;
				CLANG_ENABLE_OBJC_WEAK = YES;
				CLANG_WARN_BLOCK_CAPTURE_AUTORELEASING = YES;
				CLANG_WARN_BOOL_CONVERSION = YES;
				CLANG_WARN_COMMA = YES;
				CLANG_WARN_CONSTANT_CONVERSION = YES;
				CLANG_WARN_DEPRECATED_OBJC_IMPLEMENTATIONS = YES;
				CLANG_WARN_DIRECT_OBJC_ISA_USAGE = YES_ERROR;
				CLANG_WARN_DOCUMENTATION_COMMENTS = YES;
				CLANG_WARN_EMPTY_BODY = YES;
				CLANG_WARN_ENUM_CONVERSION = YES;
				CLANG_WARN_INFINITE_RECURSION = YES;
				CLANG_WARN_INT_CONVERSION = YES;
				CLANG_WARN_NON_LITERAL_NULL_CONVERSION = YES;
				CLANG_WARN_OBJC_IMPLICIT_RETAIN_SELF = YES;
				CLANG_WARN_OBJC_LITERAL_CONVERSION = YES;
				CLANG_WARN_OBJC_ROOT_CLASS = YES_ERROR;
				CLANG_WARN_RANGE_LOOP_ANALYSIS = YES;
				CLANG_WARN_STRICT_PROTOTYPES = YES;
				CLANG_WARN_SUSPICIOUS_MOVE = YES;
				CLANG_WARN_UNGUARDED_AVAILABILITY = YES_AGGRESSIVE;
				CLANG_WARN_UNREACHABLE_CODE = YES;
				CLANG_WARN__DUPLICATE_METHOD_MATCH = YES;
				COPY_PHASE_STRIP = NO;
				DEBUG_INFORMATION_FORMAT = dwarf;
				ENABLE_STRICT_OBJC_MSGSEND = YES;
				ENABLE_TESTABILITY = YES;
				GCC_C_LANGUAGE_STANDARD = gnu11;
				GCC_DYNAMIC_NO_PIC = NO;
				GCC_NO_COMMON_BLOCKS = YES;
				GCC_OPTIMIZATION_LEVEL = 0;
				GCC_PREPROCESSOR_DEFINITIONS = (
					"DEBUG=1",
					"$(inherited)",
				);
				GCC_WARN_64_TO_32_BIT_CONVERSION = YES;
				GCC_WARN_ABOUT_RETURN_TYPE = YES_ERROR;
				GCC_WARN_UNDECLARED_SELECTOR = YES;
				GCC_WARN_UNINITIALIZED_AUTOS = YES_AGGRESSIVE;
				GCC_WARN_UNUSED_FUNCTION = YES;
				GCC_WARN_UNUSED_VARIABLE = YES;
				IPHONEOS_DEPLOYMENT_TARGET = 13.2;
				MTL_ENABLE_DEBUG_INFO = INCLUDE_SOURCE;
				MTL_FAST_MATH = YES;
				ONLY_ACTIVE_ARCH = YES;
				SDKROOT = iphoneos;
				SWIFT_ACTIVE_COMPILATION_CONDITIONS = DEBUG;
				SWIFT_OPTIMIZATION_LEVEL = "-Onone";
			};
			name = Debug;
		};
		4C91A7E52389A9A7003B3747 /* Release */ = {
			isa = XCBuildConfiguration;
			buildSettings = {
				ALWAYS_SEARCH_USER_PATHS = NO;
				CLANG_ANALYZER_NONNULL = YES;
				CLANG_ANALYZER_NUMBER_OBJECT_CONVERSION = YES_AGGRESSIVE;
				CLANG_CXX_LANGUAGE_STANDARD = "gnu++14";
				CLANG_CXX_LIBRARY = "libc++";
				CLANG_ENABLE_MODULES = YES;
				CLANG_ENABLE_OBJC_ARC = YES;
				CLANG_ENABLE_OBJC_WEAK = YES;
				CLANG_WARN_BLOCK_CAPTURE_AUTORELEASING = YES;
				CLANG_WARN_BOOL_CONVERSION = YES;
				CLANG_WARN_COMMA = YES;
				CLANG_WARN_CONSTANT_CONVERSION = YES;
				CLANG_WARN_DEPRECATED_OBJC_IMPLEMENTATIONS = YES;
				CLANG_WARN_DIRECT_OBJC_ISA_USAGE = YES_ERROR;
				CLANG_WARN_DOCUMENTATION_COMMENTS = YES;
				CLANG_WARN_EMPTY_BODY = YES;
				CLANG_WARN_ENUM_CONVERSION = YES;
				CLANG_WARN_INFINITE_RECURSION = YES;
				CLANG_WARN_INT_CONVERSION = YES;
				CLANG_WARN_NON_LITERAL_NULL_CONVERSION = YES;
				CLANG_WARN_OBJC_IMPLICIT_RETAIN_SELF = YES;
				CLANG_WARN_OBJC_LITERAL_CONVERSION = YES;
				CLANG_WARN_OBJC_ROOT_CLASS = YES_ERROR;
				CLANG_WARN_RANGE_LOOP_ANALYSIS = YES;
				CLANG_WARN_STRICT_PROTOTYPES = YES;
				CLANG_WARN_SUSPICIOUS_MOVE = YES;
				CLANG_WARN_UNGUARDED_AVAILABILITY = YES_AGGRESSIVE;
				CLANG_WARN_UNREACHABLE_CODE = YES;
				CLANG_WARN__DUPLICATE_METHOD_MATCH = YES;
				COPY_PHASE_STRIP = NO;
				DEBUG_INFORMATION_FORMAT = "dwarf-with-dsym";
				ENABLE_NS_ASSERTIONS = NO;
				ENABLE_STRICT_OBJC_MSGSEND = YES;
				GCC_C_LANGUAGE_STANDARD = gnu11;
				GCC_NO_COMMON_BLOCKS = YES;
				GCC_WARN_64_TO_32_BIT_CONVERSION = YES;
				GCC_WARN_ABOUT_RETURN_TYPE = YES_ERROR;
				GCC_WARN_UNDECLARED_SELECTOR = YES;
				GCC_WARN_UNINITIALIZED_AUTOS = YES_AGGRESSIVE;
				GCC_WARN_UNUSED_FUNCTION = YES;
				GCC_WARN_UNUSED_VARIABLE = YES;
				IPHONEOS_DEPLOYMENT_TARGET = 13.2;
				MTL_ENABLE_DEBUG_INFO = NO;
				MTL_FAST_MATH = YES;
				SDKROOT = iphoneos;
				SWIFT_COMPILATION_MODE = wholemodule;
				SWIFT_OPTIMIZATION_LEVEL = "-O";
				VALIDATE_PRODUCT = YES;
			};
			name = Release;
		};
		4C91A7E72389A9A7003B3747 /* Debug */ = {
			isa = XCBuildConfiguration;
			baseConfigurationReference = 74387DEF7D12A978765D6432 /* Pods-avon.debug.xcconfig */;
			buildSettings = {
				ASSETCATALOG_COMPILER_APPICON_NAME = AppIcon;
				CODE_SIGN_STYLE = Automatic;
				DEVELOPMENT_TEAM = NYMSP6336K;
				INFOPLIST_FILE = avon/Info.plist;
				LD_RUNPATH_SEARCH_PATHS = (
					"$(inherited)",
					"@executable_path/Frameworks",
				);
				PRODUCT_BUNDLE_IDENTIFIER = com.mackboudreau.avon;
				PRODUCT_NAME = "$(TARGET_NAME)";
				SWIFT_VERSION = 5.0;
				TARGETED_DEVICE_FAMILY = "1,2";
			};
			name = Debug;
		};
		4C91A7E82389A9A7003B3747 /* Release */ = {
			isa = XCBuildConfiguration;
			baseConfigurationReference = 7CEE8C15B8499E375615240F /* Pods-avon.release.xcconfig */;
			buildSettings = {
				ASSETCATALOG_COMPILER_APPICON_NAME = AppIcon;
				CODE_SIGN_STYLE = Automatic;
				DEVELOPMENT_TEAM = NYMSP6336K;
				INFOPLIST_FILE = avon/Info.plist;
				LD_RUNPATH_SEARCH_PATHS = (
					"$(inherited)",
					"@executable_path/Frameworks",
				);
				PRODUCT_BUNDLE_IDENTIFIER = com.mackboudreau.avon;
				PRODUCT_NAME = "$(TARGET_NAME)";
				SWIFT_VERSION = 5.0;
				TARGETED_DEVICE_FAMILY = "1,2";
			};
			name = Release;
		};
/* End XCBuildConfiguration section */

/* Begin XCConfigurationList section */
		4C91A7CD2389A9A4003B3747 /* Build configuration list for PBXProject "avon" */ = {
			isa = XCConfigurationList;
			buildConfigurations = (
				4C91A7E42389A9A7003B3747 /* Debug */,
				4C91A7E52389A9A7003B3747 /* Release */,
			);
			defaultConfigurationIsVisible = 0;
			defaultConfigurationName = Release;
		};
		4C91A7E62389A9A7003B3747 /* Build configuration list for PBXNativeTarget "avon" */ = {
			isa = XCConfigurationList;
			buildConfigurations = (
				4C91A7E72389A9A7003B3747 /* Debug */,
				4C91A7E82389A9A7003B3747 /* Release */,
			);
			defaultConfigurationIsVisible = 0;
			defaultConfigurationName = Release;
		};
/* End XCConfigurationList section */
	};
	rootObject = 4C91A7CA2389A9A4003B3747 /* Project object */;
}
